
Microsoft Visual Studio Solution File, Format Version 12.00
# Visual Studio Version 17
VisualStudioVersion = 17.11.35312.102
MinimumVisualStudioVersion = 10.0.40219.1
Project("{9A19103F-16F7-4668-BE54-9A1E7A4F7556}") = "Ecommerce", "Ecommerce\Ecommerce.csproj", "{2F46DF67-571C-4D43-BDFF-2E11F1B8168F}"
EndProject
Project("{FAE04EC0-301F-11D3-BF4B-00C04F79EFBC}") = "Ecommerce.tests", "Ecommerce.tests\Ecommerce.tests.csproj", "{5271738C-5931-4FAA-9760-0F68C2D44325}"
EndProject
Global
	GlobalSection(SolutionConfigurationPlatforms) = preSolution
		Debug|Any CPU = Debug|Any CPU
		Release|Any CPU = Release|Any CPU
	EndGlobalSection
	GlobalSection(ProjectConfigurationPlatforms) = postSolution
		{2F46DF67-571C-4D43-BDFF-2E11F1B8168F}.Debug|Any CPU.ActiveCfg = Debug|Any CPU
		{2F46DF67-571C-4D43-BDFF-2E11F1B8168F}.Debug|Any CPU.Build.0 = Debug|Any CPU
		{2F46DF67-571C-4D43-BDFF-2E11F1B8168F}.Release|Any CPU.ActiveCfg = Release|Any CPU
		{2F46DF67-571C-4D43-BDFF-2E11F1B8168F}.Release|Any CPU.Build.0 = Release|Any CPU
		{5271738C-5931-4FAA-9760-0F68C2D44325}.Debug|Any CPU.ActiveCfg = Debug|Any CPU
		{5271738C-5931-4FAA-9760-0F68C2D44325}.Debug|Any CPU.Build.0 = Debug|Any CPU
		{5271738C-5931-4FAA-9760-0F68C2D44325}.Release|Any CPU.ActiveCfg = Release|Any CPU
		{5271738C-5931-4FAA-9760-0F68C2D44325}.Release|Any CPU.Build.0 = Release|Any CPU
	EndGlobalSection
	GlobalSection(SolutionProperties) = preSolution
		HideSolutionNode = FALSE
	EndGlobalSection
	GlobalSection(ExtensibilityGlobals) = postSolution
		SolutionGuid = {C7F0DC82-0438-483D-A28E-A645D494A5FC}
	EndGlobalSection
EndGlobal
